
Microsoft Visual Studio Solution File, Format Version 12.00
# Visual Studio Version 16
VisualStudioVersion = 16.0.32126.315
MinimumVisualStudioVersion = 10.0.40219.1
Project("{FAE04EC0-301F-11D3-BF4B-00C04F79EFBC}") = "claraoriginal", "claraoriginal.csproj", "{1AE277D0-3E83-4F2F-818B-ABDDD17583BA}"
EndProject
Global
	GlobalSection(SolutionConfigurationPlatforms) = preSolution
		Debug|Any CPU = Debug|Any CPU
		Release|Any CPU = Release|Any CPU
	EndGlobalSection
	GlobalSection(ProjectConfigurationPlatforms) = postSolution
		{1AE277D0-3E83-4F2F-818B-ABDDD17583BA}.Debug|Any CPU.ActiveCfg = Debug|Any CPU
		{1AE277D0-3E83-4F2F-818B-ABDDD17583BA}.Debug|Any CPU.Build.0 = Debug|Any CPU
		{1AE277D0-3E83-4F2F-818B-ABDDD17583BA}.Release|Any CPU.ActiveCfg = Release|Any CPU
		{1AE277D0-3E83-4F2F-818B-ABDDD17583BA}.Release|Any CPU.Build.0 = Release|Any CPU
	EndGlobalSection
	GlobalSection(SolutionProperties) = preSolution
		HideSolutionNode = FALSE
	EndGlobalSection
	GlobalSection(ExtensibilityGlobals) = postSolution
		SolutionGuid = {E287B29D-E46A-44DF-BC68-3494F53BCA8A}
	EndGlobalSection
EndGlobal
